// !$*UTF8*$!
{
	archiveVersion = 1;
	classes = {
	};
	objectVersion = 55;
	objects = {

/* Begin PBXBuildFile section */
		3B87A7F516DBA2FBE51499FA /* Pods_DRCPractical_DRCPracticalUITests.framework in Frameworks */ = {isa = PBXBuildFile; fileRef = 91726204BA1EEEF57230529A /* Pods_DRCPractical_DRCPracticalUITests.framework */; };
		652A85B627D843BA004A60AE /* Assets.xcassets in Resources */ = {isa = PBXBuildFile; fileRef = 65924A0227D656620076E6B5 /* Assets.xcassets */; };
		652A85B727D843BE004A60AE /* Assets.xcassets in Resources */ = {isa = PBXBuildFile; fileRef = 65924A0227D656620076E6B5 /* Assets.xcassets */; };
		652A85C527D846FC004A60AE /* HomePresenter.swift in Sources */ = {isa = PBXBuildFile; fileRef = 652A85C227D846FC004A60AE /* HomePresenter.swift */; };
		652A85C627D846FC004A60AE /* HomePresenter.swift in Sources */ = {isa = PBXBuildFile; fileRef = 652A85C227D846FC004A60AE /* HomePresenter.swift */; };
		652A85C727D846FC004A60AE /* HomeViewController.swift in Sources */ = {isa = PBXBuildFile; fileRef = 652A85C327D846FC004A60AE /* HomeViewController.swift */; };
		652A85C827D846FC004A60AE /* HomeViewController.swift in Sources */ = {isa = PBXBuildFile; fileRef = 652A85C327D846FC004A60AE /* HomeViewController.swift */; };
		652A85C927D846FC004A60AE /* HomeInteractor.swift in Sources */ = {isa = PBXBuildFile; fileRef = 652A85C427D846FC004A60AE /* HomeInteractor.swift */; };
		652A85CA27D846FC004A60AE /* HomeInteractor.swift in Sources */ = {isa = PBXBuildFile; fileRef = 652A85C427D846FC004A60AE /* HomeInteractor.swift */; };
		659249F727D6565E0076E6B5 /* AppDelegate.swift in Sources */ = {isa = PBXBuildFile; fileRef = 659249F627D6565E0076E6B5 /* AppDelegate.swift */; };
		659249FE27D6565E0076E6B5 /* Main.storyboard in Resources */ = {isa = PBXBuildFile; fileRef = 659249FC27D6565E0076E6B5 /* Main.storyboard */; };
		65924A0327D656620076E6B5 /* Assets.xcassets in Resources */ = {isa = PBXBuildFile; fileRef = 65924A0227D656620076E6B5 /* Assets.xcassets */; };
		65924A0627D656620076E6B5 /* LaunchScreen.storyboard in Resources */ = {isa = PBXBuildFile; fileRef = 65924A0427D656620076E6B5 /* LaunchScreen.storyboard */; };
		65924A1127D656620076E6B5 /* DRCPracticalTests.swift in Sources */ = {isa = PBXBuildFile; fileRef = 65924A1027D656620076E6B5 /* DRCPracticalTests.swift */; };
		65924A1B27D656630076E6B5 /* DRCPracticalUITests.swift in Sources */ = {isa = PBXBuildFile; fileRef = 65924A1A27D656630076E6B5 /* DRCPracticalUITests.swift */; };
		65924A1D27D656630076E6B5 /* DRCPracticalUITestsLaunchTests.swift in Sources */ = {isa = PBXBuildFile; fileRef = 65924A1C27D656630076E6B5 /* DRCPracticalUITestsLaunchTests.swift */; };
		6597CE0427D8628700010F12 /* CoreDataStack.swift in Sources */ = {isa = PBXBuildFile; fileRef = 6597CE0327D8628700010F12 /* CoreDataStack.swift */; };
		6597CE0527D8628700010F12 /* CoreDataStack.swift in Sources */ = {isa = PBXBuildFile; fileRef = 6597CE0327D8628700010F12 /* CoreDataStack.swift */; };
		6597CE0727D862B600010F12 /* DatabaseHelper.swift in Sources */ = {isa = PBXBuildFile; fileRef = 6597CE0627D862B600010F12 /* DatabaseHelper.swift */; };
		6597CE0827D862B600010F12 /* DatabaseHelper.swift in Sources */ = {isa = PBXBuildFile; fileRef = 6597CE0627D862B600010F12 /* DatabaseHelper.swift */; };
		6597CE0B27D862F300010F12 /* DRCPractical.xcdatamodeld in Sources */ = {isa = PBXBuildFile; fileRef = 6597CE0927D862F300010F12 /* DRCPractical.xcdatamodeld */; };
		6597CE0F27D863C300010F12 /* TableArticales+Helper.swift in Sources */ = {isa = PBXBuildFile; fileRef = 6597CE0E27D863C300010F12 /* TableArticales+Helper.swift */; };
		6597CE1027D863C300010F12 /* TableArticales+Helper.swift in Sources */ = {isa = PBXBuildFile; fileRef = 6597CE0E27D863C300010F12 /* TableArticales+Helper.swift */; };
		6597CE1127D8664F00010F12 /* DRCPractical.xcdatamodeld in Sources */ = {isa = PBXBuildFile; fileRef = 6597CE0927D862F300010F12 /* DRCPractical.xcdatamodeld */; };
		65A1A75C27D84848005F10DC /* NewsDetailPresenter.swift in Sources */ = {isa = PBXBuildFile; fileRef = 65A1A75927D84848005F10DC /* NewsDetailPresenter.swift */; };
		65A1A75D27D84848005F10DC /* NewsDetailPresenter.swift in Sources */ = {isa = PBXBuildFile; fileRef = 65A1A75927D84848005F10DC /* NewsDetailPresenter.swift */; };
		65A1A75E27D84848005F10DC /* NewsDetailViewController.swift in Sources */ = {isa = PBXBuildFile; fileRef = 65A1A75A27D84848005F10DC /* NewsDetailViewController.swift */; };
		65A1A75F27D84848005F10DC /* NewsDetailViewController.swift in Sources */ = {isa = PBXBuildFile; fileRef = 65A1A75A27D84848005F10DC /* NewsDetailViewController.swift */; };
		65A1A76027D84848005F10DC /* NewsDetailInteractor.swift in Sources */ = {isa = PBXBuildFile; fileRef = 65A1A75B27D84848005F10DC /* NewsDetailInteractor.swift */; };
		65A1A76127D84848005F10DC /* NewsDetailInteractor.swift in Sources */ = {isa = PBXBuildFile; fileRef = 65A1A75B27D84848005F10DC /* NewsDetailInteractor.swift */; };
		65A1A76427D84D61005F10DC /* CellNews.swift in Sources */ = {isa = PBXBuildFile; fileRef = 65A1A76327D84D61005F10DC /* CellNews.swift */; };
		65A1A76527D84D61005F10DC /* CellNews.swift in Sources */ = {isa = PBXBuildFile; fileRef = 65A1A76327D84D61005F10DC /* CellNews.swift */; };
		9A7016C17DEF88AC78E87AC0 /* Pods_DRCPractical.framework in Frameworks */ = {isa = PBXBuildFile; fileRef = D9E92862A57034FB64139A88 /* Pods_DRCPractical.framework */; };
		AB3646E08F764C5767AB84AA /* Pods_DRCPracticalTests.framework in Frameworks */ = {isa = PBXBuildFile; fileRef = 8708A15EEE2D5F01C66B06B7 /* Pods_DRCPracticalTests.framework */; };
/* End PBXBuildFile section */

/* Begin PBXContainerItemProxy section */
		65924A0D27D656620076E6B5 /* PBXContainerItemProxy */ = {
			isa = PBXContainerItemProxy;
			containerPortal = 659249EB27D6565D0076E6B5 /* Project object */;
			proxyType = 1;
			remoteGlobalIDString = 659249F227D6565E0076E6B5;
			remoteInfo = DRCPractical;
		};
		65924A1727D656630076E6B5 /* PBXContainerItemProxy */ = {
			isa = PBXContainerItemProxy;
			containerPortal = 659249EB27D6565D0076E6B5 /* Project object */;
			proxyType = 1;
			remoteGlobalIDString = 659249F227D6565E0076E6B5;
			remoteInfo = DRCPractical;
		};
/* End PBXContainerItemProxy section */

/* Begin PBXFileReference section */
		1D40800A73A467CEA6951401 /* Pods-DRCPracticalTests.debug.xcconfig */ = {isa = PBXFileReference; includeInIndex = 1; lastKnownFileType = text.xcconfig; name = "Pods-DRCPracticalTests.debug.xcconfig"; path = "Target Support Files/Pods-DRCPracticalTests/Pods-DRCPracticalTests.debug.xcconfig"; sourceTree = "<group>"; };
		2B41BAA2D00A3B6C326DE339 /* Pods-DRCPractical-DRCPracticalUITests.release.xcconfig */ = {isa = PBXFileReference; includeInIndex = 1; lastKnownFileType = text.xcconfig; name = "Pods-DRCPractical-DRCPracticalUITests.release.xcconfig"; path = "Target Support Files/Pods-DRCPractical-DRCPracticalUITests/Pods-DRCPractical-DRCPracticalUITests.release.xcconfig"; sourceTree = "<group>"; };
		57F46FF8088E1430957453EC /* Pods-DRCPracticalTests.release.xcconfig */ = {isa = PBXFileReference; includeInIndex = 1; lastKnownFileType = text.xcconfig; name = "Pods-DRCPracticalTests.release.xcconfig"; path = "Target Support Files/Pods-DRCPracticalTests/Pods-DRCPracticalTests.release.xcconfig"; sourceTree = "<group>"; };
		61338F65B0D609C5E101E4EA /* Pods-DRCPractical-DRCPracticalUITests.debug.xcconfig */ = {isa = PBXFileReference; includeInIndex = 1; lastKnownFileType = text.xcconfig; name = "Pods-DRCPractical-DRCPracticalUITests.debug.xcconfig"; path = "Target Support Files/Pods-DRCPractical-DRCPracticalUITests/Pods-DRCPractical-DRCPracticalUITests.debug.xcconfig"; sourceTree = "<group>"; };
		652A85C227D846FC004A60AE /* HomePresenter.swift */ = {isa = PBXFileReference; lastKnownFileType = sourcecode.swift; path = HomePresenter.swift; sourceTree = "<group>"; };
		652A85C327D846FC004A60AE /* HomeViewController.swift */ = {isa = PBXFileReference; lastKnownFileType = sourcecode.swift; path = HomeViewController.swift; sourceTree = "<group>"; };
		652A85C427D846FC004A60AE /* HomeInteractor.swift */ = {isa = PBXFileReference; lastKnownFileType = sourcecode.swift; path = HomeInteractor.swift; sourceTree = "<group>"; };
		659249F327D6565E0076E6B5 /* DRCPractical.app */ = {isa = PBXFileReference; explicitFileType = wrapper.application; includeInIndex = 0; path = DRCPractical.app; sourceTree = BUILT_PRODUCTS_DIR; };
		659249F627D6565E0076E6B5 /* AppDelegate.swift */ = {isa = PBXFileReference; lastKnownFileType = sourcecode.swift; path = AppDelegate.swift; sourceTree = "<group>"; };
		659249FD27D6565E0076E6B5 /* Base */ = {isa = PBXFileReference; lastKnownFileType = file.storyboard; name = Base; path = Base.lproj/Main.storyboard; sourceTree = "<group>"; };
		65924A0227D656620076E6B5 /* Assets.xcassets */ = {isa = PBXFileReference; lastKnownFileType = folder.assetcatalog; path = Assets.xcassets; sourceTree = "<group>"; };
		65924A0527D656620076E6B5 /* Base */ = {isa = PBXFileReference; lastKnownFileType = file.storyboard; name = Base; path = Base.lproj/LaunchScreen.storyboard; sourceTree = "<group>"; };
		65924A0727D656620076E6B5 /* Info.plist */ = {isa = PBXFileReference; lastKnownFileType = text.plist.xml; path = Info.plist; sourceTree = "<group>"; };
		65924A0C27D656620076E6B5 /* DRCPracticalTests.xctest */ = {isa = PBXFileReference; explicitFileType = wrapper.cfbundle; includeInIndex = 0; path = DRCPracticalTests.xctest; sourceTree = BUILT_PRODUCTS_DIR; };
		65924A1027D656620076E6B5 /* DRCPracticalTests.swift */ = {isa = PBXFileReference; lastKnownFileType = sourcecode.swift; path = DRCPracticalTests.swift; sourceTree = "<group>"; };
		65924A1627D656630076E6B5 /* DRCPracticalUITests.xctest */ = {isa = PBXFileReference; explicitFileType = wrapper.cfbundle; includeInIndex = 0; path = DRCPracticalUITests.xctest; sourceTree = BUILT_PRODUCTS_DIR; };
		65924A1A27D656630076E6B5 /* DRCPracticalUITests.swift */ = {isa = PBXFileReference; lastKnownFileType = sourcecode.swift; path = DRCPracticalUITests.swift; sourceTree = "<group>"; };
		65924A1C27D656630076E6B5 /* DRCPracticalUITestsLaunchTests.swift */ = {isa = PBXFileReference; lastKnownFileType = sourcecode.swift; path = DRCPracticalUITestsLaunchTests.swift; sourceTree = "<group>"; };
		6597CE0327D8628700010F12 /* CoreDataStack.swift */ = {isa = PBXFileReference; lastKnownFileType = sourcecode.swift; path = CoreDataStack.swift; sourceTree = "<group>"; };
		6597CE0627D862B600010F12 /* DatabaseHelper.swift */ = {isa = PBXFileReference; lastKnownFileType = sourcecode.swift; path = DatabaseHelper.swift; sourceTree = "<group>"; };
		6597CE0A27D862F300010F12 /* DRCPractical.xcdatamodel */ = {isa = PBXFileReference; lastKnownFileType = wrapper.xcdatamodel; path = DRCPractical.xcdatamodel; sourceTree = "<group>"; };
		6597CE0E27D863C300010F12 /* TableArticales+Helper.swift */ = {isa = PBXFileReference; lastKnownFileType = sourcecode.swift; path = "TableArticales+Helper.swift"; sourceTree = "<group>"; };
		65A1A75927D84848005F10DC /* NewsDetailPresenter.swift */ = {isa = PBXFileReference; lastKnownFileType = sourcecode.swift; path = NewsDetailPresenter.swift; sourceTree = "<group>"; };
		65A1A75A27D84848005F10DC /* NewsDetailViewController.swift */ = {isa = PBXFileReference; lastKnownFileType = sourcecode.swift; path = NewsDetailViewController.swift; sourceTree = "<group>"; };
		65A1A75B27D84848005F10DC /* NewsDetailInteractor.swift */ = {isa = PBXFileReference; lastKnownFileType = sourcecode.swift; path = NewsDetailInteractor.swift; sourceTree = "<group>"; };
		65A1A76327D84D61005F10DC /* CellNews.swift */ = {isa = PBXFileReference; lastKnownFileType = sourcecode.swift; path = CellNews.swift; sourceTree = "<group>"; };
		72BCCBE2AB92CF4B06FD0654 /* Pods-DRCPractical.debug.xcconfig */ = {isa = PBXFileReference; includeInIndex = 1; lastKnownFileType = text.xcconfig; name = "Pods-DRCPractical.debug.xcconfig"; path = "Target Support Files/Pods-DRCPractical/Pods-DRCPractical.debug.xcconfig"; sourceTree = "<group>"; };
		8708A15EEE2D5F01C66B06B7 /* Pods_DRCPracticalTests.framework */ = {isa = PBXFileReference; explicitFileType = wrapper.framework; includeInIndex = 0; path = Pods_DRCPracticalTests.framework; sourceTree = BUILT_PRODUCTS_DIR; };
		91726204BA1EEEF57230529A /* Pods_DRCPractical_DRCPracticalUITests.framework */ = {isa = PBXFileReference; explicitFileType = wrapper.framework; includeInIndex = 0; path = Pods_DRCPractical_DRCPracticalUITests.framework; sourceTree = BUILT_PRODUCTS_DIR; };
		A67AF97B587FD66DEBA776D9 /* Pods-DRCPractical.release.xcconfig */ = {isa = PBXFileReference; includeInIndex = 1; lastKnownFileType = text.xcconfig; name = "Pods-DRCPractical.release.xcconfig"; path = "Target Support Files/Pods-DRCPractical/Pods-DRCPractical.release.xcconfig"; sourceTree = "<group>"; };
		D9E92862A57034FB64139A88 /* Pods_DRCPractical.framework */ = {isa = PBXFileReference; explicitFileType = wrapper.framework; includeInIndex = 0; path = Pods_DRCPractical.framework; sourceTree = BUILT_PRODUCTS_DIR; };
/* End PBXFileReference section */

/* Begin PBXFrameworksBuildPhase section */
		659249F027D6565E0076E6B5 /* Frameworks */ = {
			isa = PBXFrameworksBuildPhase;
			buildActionMask = 2147483647;
			files = (
				9A7016C17DEF88AC78E87AC0 /* Pods_DRCPractical.framework in Frameworks */,
			);
			runOnlyForDeploymentPostprocessing = 0;
		};
		65924A0927D656620076E6B5 /* Frameworks */ = {
			isa = PBXFrameworksBuildPhase;
			buildActionMask = 2147483647;
			files = (
				AB3646E08F764C5767AB84AA /* Pods_DRCPracticalTests.framework in Frameworks */,
			);
			runOnlyForDeploymentPostprocessing = 0;
		};
		65924A1327D656630076E6B5 /* Frameworks */ = {
			isa = PBXFrameworksBuildPhase;
			buildActionMask = 2147483647;
			files = (
				3B87A7F516DBA2FBE51499FA /* Pods_DRCPractical_DRCPracticalUITests.framework in Frameworks */,
			);
			runOnlyForDeploymentPostprocessing = 0;
		};
/* End PBXFrameworksBuildPhase section */

/* Begin PBXGroup section */
		652A85B327D842A6004A60AE /* VIP */ = {
			isa = PBXGroup;
			children = (
				652A85CB27D84760004A60AE /* Home */,
				652A85CC27D84769004A60AE /* NewsDetail */,
			);
			path = VIP;
			sourceTree = "<group>";
		};
		652A85B427D84310004A60AE /* Database */ = {
			isa = PBXGroup;
			children = (
				6597CE0D27D8630400010F12 /* Helper */,
				6597CE0327D8628700010F12 /* CoreDataStack.swift */,
				6597CE0627D862B600010F12 /* DatabaseHelper.swift */,
				6597CE0927D862F300010F12 /* DRCPractical.xcdatamodeld */,
			);
			path = Database;
			sourceTree = "<group>";
		};
		652A85B527D84313004A60AE /* Support */ = {
			isa = PBXGroup;
			children = (
			);
			path = Support;
			sourceTree = "<group>";
		};
		652A85B827D84409004A60AE /* Storyboard */ = {
			isa = PBXGroup;
			children = (
				659249FC27D6565E0076E6B5 /* Main.storyboard */,
			);
			path = Storyboard;
			sourceTree = "<group>";
		};
		652A85CB27D84760004A60AE /* Home */ = {
			isa = PBXGroup;
			children = (
				652A85C227D846FC004A60AE /* HomePresenter.swift */,
				652A85C327D846FC004A60AE /* HomeViewController.swift */,
				652A85C427D846FC004A60AE /* HomeInteractor.swift */,
			);
			path = Home;
			sourceTree = "<group>";
		};
		652A85CC27D84769004A60AE /* NewsDetail */ = {
			isa = PBXGroup;
			children = (
				65A1A75927D84848005F10DC /* NewsDetailPresenter.swift */,
				65A1A75A27D84848005F10DC /* NewsDetailViewController.swift */,
				65A1A75B27D84848005F10DC /* NewsDetailInteractor.swift */,
			);
			path = NewsDetail;
			sourceTree = "<group>";
		};
		659249EA27D6565D0076E6B5 = {
			isa = PBXGroup;
			children = (
				659249F527D6565E0076E6B5 /* DRCPractical */,
				65924A0F27D656620076E6B5 /* DRCPracticalTests */,
				65924A1927D656630076E6B5 /* DRCPracticalUITests */,
				659249F427D6565E0076E6B5 /* Products */,
				678957B7BBF4AC9C089A5F8B /* Pods */,
				758D8FC77359A927C8FB5D13 /* Frameworks */,
			);
			sourceTree = "<group>";
		};
		659249F427D6565E0076E6B5 /* Products */ = {
			isa = PBXGroup;
			children = (
				659249F327D6565E0076E6B5 /* DRCPractical.app */,
				65924A0C27D656620076E6B5 /* DRCPracticalTests.xctest */,
				65924A1627D656630076E6B5 /* DRCPracticalUITests.xctest */,
			);
			name = Products;
			sourceTree = "<group>";
		};
		659249F527D6565E0076E6B5 /* DRCPractical */ = {
			isa = PBXGroup;
			children = (
				65A1A76227D84D44005F10DC /* CustomViews */,
				659249F627D6565E0076E6B5 /* AppDelegate.swift */,
				652A85B827D84409004A60AE /* Storyboard */,
				652A85B327D842A6004A60AE /* VIP */,
				652A85B527D84313004A60AE /* Support */,
				652A85B427D84310004A60AE /* Database */,
				65924A0227D656620076E6B5 /* Assets.xcassets */,
				65924A0427D656620076E6B5 /* LaunchScreen.storyboard */,
				65924A0727D656620076E6B5 /* Info.plist */,
			);
			path = DRCPractical;
			sourceTree = "<group>";
		};
		65924A0F27D656620076E6B5 /* DRCPracticalTests */ = {
			isa = PBXGroup;
			children = (
				65924A1027D656620076E6B5 /* DRCPracticalTests.swift */,
			);
			path = DRCPracticalTests;
			sourceTree = "<group>";
		};
		65924A1927D656630076E6B5 /* DRCPracticalUITests */ = {
			isa = PBXGroup;
			children = (
				65924A1A27D656630076E6B5 /* DRCPracticalUITests.swift */,
				65924A1C27D656630076E6B5 /* DRCPracticalUITestsLaunchTests.swift */,
			);
			path = DRCPracticalUITests;
			sourceTree = "<group>";
		};
		6597CE0D27D8630400010F12 /* Helper */ = {
			isa = PBXGroup;
			children = (
				6597CE0E27D863C300010F12 /* TableArticales+Helper.swift */,
			);
			path = Helper;
			sourceTree = "<group>";
		};
		65A1A76227D84D44005F10DC /* CustomViews */ = {
			isa = PBXGroup;
			children = (
				65A1A76327D84D61005F10DC /* CellNews.swift */,
			);
			path = CustomViews;
			sourceTree = "<group>";
		};
		678957B7BBF4AC9C089A5F8B /* Pods */ = {
			isa = PBXGroup;
			children = (
				72BCCBE2AB92CF4B06FD0654 /* Pods-DRCPractical.debug.xcconfig */,
				A67AF97B587FD66DEBA776D9 /* Pods-DRCPractical.release.xcconfig */,
				61338F65B0D609C5E101E4EA /* Pods-DRCPractical-DRCPracticalUITests.debug.xcconfig */,
				2B41BAA2D00A3B6C326DE339 /* Pods-DRCPractical-DRCPracticalUITests.release.xcconfig */,
				1D40800A73A467CEA6951401 /* Pods-DRCPracticalTests.debug.xcconfig */,
				57F46FF8088E1430957453EC /* Pods-DRCPracticalTests.release.xcconfig */,
			);
			path = Pods;
			sourceTree = "<group>";
		};
		758D8FC77359A927C8FB5D13 /* Frameworks */ = {
			isa = PBXGroup;
			children = (
				D9E92862A57034FB64139A88 /* Pods_DRCPractical.framework */,
				91726204BA1EEEF57230529A /* Pods_DRCPractical_DRCPracticalUITests.framework */,
				8708A15EEE2D5F01C66B06B7 /* Pods_DRCPracticalTests.framework */,
			);
			name = Frameworks;
			sourceTree = "<group>";
		};
/* End PBXGroup section */

/* Begin PBXNativeTarget section */
		659249F227D6565E0076E6B5 /* DRCPractical */ = {
			isa = PBXNativeTarget;
			buildConfigurationList = 65924A2027D656630076E6B5 /* Build configuration list for PBXNativeTarget "DRCPractical" */;
			buildPhases = (
				222E6CFB05B497E24E624E70 /* [CP] Check Pods Manifest.lock */,
				659249EF27D6565E0076E6B5 /* Sources */,
				659249F027D6565E0076E6B5 /* Frameworks */,
				659249F127D6565E0076E6B5 /* Resources */,
				80EE6D01FA14D9C4E283C55B /* [CP] Embed Pods Frameworks */,
			);
			buildRules = (
			);
			dependencies = (
			);
			name = DRCPractical;
			productName = DRCPractical;
			productReference = 659249F327D6565E0076E6B5 /* DRCPractical.app */;
			productType = "com.apple.product-type.application";
		};
		65924A0B27D656620076E6B5 /* DRCPracticalTests */ = {
			isa = PBXNativeTarget;
			buildConfigurationList = 65924A2327D656630076E6B5 /* Build configuration list for PBXNativeTarget "DRCPracticalTests" */;
			buildPhases = (
				59A6C0B931781E499A6D256C /* [CP] Check Pods Manifest.lock */,
				65924A0827D656620076E6B5 /* Sources */,
				65924A0927D656620076E6B5 /* Frameworks */,
				65924A0A27D656620076E6B5 /* Resources */,
			);
			buildRules = (
			);
			dependencies = (
				65924A0E27D656620076E6B5 /* PBXTargetDependency */,
			);
			name = DRCPracticalTests;
			productName = DRCPracticalTests;
			productReference = 65924A0C27D656620076E6B5 /* DRCPracticalTests.xctest */;
			productType = "com.apple.product-type.bundle.unit-test";
		};
		65924A1527D656630076E6B5 /* DRCPracticalUITests */ = {
			isa = PBXNativeTarget;
			buildConfigurationList = 65924A2627D656630076E6B5 /* Build configuration list for PBXNativeTarget "DRCPracticalUITests" */;
			buildPhases = (
				33D77D4DDBCE29DD3A205388 /* [CP] Check Pods Manifest.lock */,
				65924A1227D656630076E6B5 /* Sources */,
				65924A1327D656630076E6B5 /* Frameworks */,
				65924A1427D656630076E6B5 /* Resources */,
				F3AA7474BC3DA77326416F67 /* [CP] Embed Pods Frameworks */,
			);
			buildRules = (
			);
			dependencies = (
				65924A1827D656630076E6B5 /* PBXTargetDependency */,
			);
			name = DRCPracticalUITests;
			productName = DRCPracticalUITests;
			productReference = 65924A1627D656630076E6B5 /* DRCPracticalUITests.xctest */;
			productType = "com.apple.product-type.bundle.ui-testing";
		};
/* End PBXNativeTarget section */

/* Begin PBXProject section */
		659249EB27D6565D0076E6B5 /* Project object */ = {
			isa = PBXProject;
			attributes = {
				BuildIndependentTargetsInParallel = 1;
				LastSwiftUpdateCheck = 1300;
				LastUpgradeCheck = 1300;
				TargetAttributes = {
					659249F227D6565E0076E6B5 = {
						CreatedOnToolsVersion = 13.0;
					};
					65924A0B27D656620076E6B5 = {
						CreatedOnToolsVersion = 13.0;
						TestTargetID = 659249F227D6565E0076E6B5;
					};
					65924A1527D656630076E6B5 = {
						CreatedOnToolsVersion = 13.0;
						TestTargetID = 659249F227D6565E0076E6B5;
					};
				};
			};
			buildConfigurationList = 659249EE27D6565D0076E6B5 /* Build configuration list for PBXProject "DRCPractical" */;
			compatibilityVersion = "Xcode 13.0";
			developmentRegion = en;
			hasScannedForEncodings = 0;
			knownRegions = (
				en,
				Base,
			);
			mainGroup = 659249EA27D6565D0076E6B5;
			productRefGroup = 659249F427D6565E0076E6B5 /* Products */;
			projectDirPath = "";
			projectRoot = "";
			targets = (
				659249F227D6565E0076E6B5 /* DRCPractical */,
				65924A0B27D656620076E6B5 /* DRCPracticalTests */,
				65924A1527D656630076E6B5 /* DRCPracticalUITests */,
			);
		};
/* End PBXProject section */

/* Begin PBXResourcesBuildPhase section */
		659249F127D6565E0076E6B5 /* Resources */ = {
			isa = PBXResourcesBuildPhase;
			buildActionMask = 2147483647;
			files = (
				65924A0627D656620076E6B5 /* LaunchScreen.storyboard in Resources */,
				65924A0327D656620076E6B5 /* Assets.xcassets in Resources */,
				659249FE27D6565E0076E6B5 /* Main.storyboard in Resources */,
			);
			runOnlyForDeploymentPostprocessing = 0;
		};
		65924A0A27D656620076E6B5 /* Resources */ = {
			isa = PBXResourcesBuildPhase;
			buildActionMask = 2147483647;
			files = (
				652A85B627D843BA004A60AE /* Assets.xcassets in Resources */,
			);
			runOnlyForDeploymentPostprocessing = 0;
		};
		65924A1427D656630076E6B5 /* Resources */ = {
			isa = PBXResourcesBuildPhase;
			buildActionMask = 2147483647;
			files = (
				652A85B727D843BE004A60AE /* Assets.xcassets in Resources */,
			);
			runOnlyForDeploymentPostprocessing = 0;
		};
/* End PBXResourcesBuildPhase section */

/* Begin PBXShellScriptBuildPhase section */
		222E6CFB05B497E24E624E70 /* [CP] Check Pods Manifest.lock */ = {
			isa = PBXShellScriptBuildPhase;
			buildActionMask = 2147483647;
			files = (
			);
			inputFileListPaths = (
			);
			inputPaths = (
				"${PODS_PODFILE_DIR_PATH}/Podfile.lock",
				"${PODS_ROOT}/Manifest.lock",
			);
			name = "[CP] Check Pods Manifest.lock";
			outputFileListPaths = (
			);
			outputPaths = (
				"$(DERIVED_FILE_DIR)/Pods-DRCPractical-checkManifestLockResult.txt",
			);
			runOnlyForDeploymentPostprocessing = 0;
			shellPath = /bin/sh;
			shellScript = "diff \"${PODS_PODFILE_DIR_PATH}/Podfile.lock\" \"${PODS_ROOT}/Manifest.lock\" > /dev/null\nif [ $? != 0 ] ; then\n    # print error to STDERR\n    echo \"error: The sandbox is not in sync with the Podfile.lock. Run 'pod install' or update your CocoaPods installation.\" >&2\n    exit 1\nfi\n# This output is used by Xcode 'outputs' to avoid re-running this script phase.\necho \"SUCCESS\" > \"${SCRIPT_OUTPUT_FILE_0}\"\n";
			showEnvVarsInLog = 0;
		};
		33D77D4DDBCE29DD3A205388 /* [CP] Check Pods Manifest.lock */ = {
			isa = PBXShellScriptBuildPhase;
			buildActionMask = 2147483647;
			files = (
			);
			inputFileListPaths = (
			);
			inputPaths = (
				"${PODS_PODFILE_DIR_PATH}/Podfile.lock",
				"${PODS_ROOT}/Manifest.lock",
			);
			name = "[CP] Check Pods Manifest.lock";
			outputFileListPaths = (
			);
			outputPaths = (
				"$(DERIVED_FILE_DIR)/Pods-DRCPractical-DRCPracticalUITests-checkManifestLockResult.txt",
			);
			runOnlyForDeploymentPostprocessing = 0;
			shellPath = /bin/sh;
			shellScript = "diff \"${PODS_PODFILE_DIR_PATH}/Podfile.lock\" \"${PODS_ROOT}/Manifest.lock\" > /dev/null\nif [ $? != 0 ] ; then\n    # print error to STDERR\n    echo \"error: The sandbox is not in sync with the Podfile.lock. Run 'pod install' or update your CocoaPods installation.\" >&2\n    exit 1\nfi\n# This output is used by Xcode 'outputs' to avoid re-running this script phase.\necho \"SUCCESS\" > \"${SCRIPT_OUTPUT_FILE_0}\"\n";
			showEnvVarsInLog = 0;
		};
		59A6C0B931781E499A6D256C /* [CP] Check Pods Manifest.lock */ = {
			isa = PBXShellScriptBuildPhase;
			buildActionMask = 2147483647;
			files = (
			);
			inputFileListPaths = (
			);
			inputPaths = (
				"${PODS_PODFILE_DIR_PATH}/Podfile.lock",
				"${PODS_ROOT}/Manifest.lock",
			);
			name = "[CP] Check Pods Manifest.lock";
			outputFileListPaths = (
			);
			outputPaths = (
				"$(DERIVED_FILE_DIR)/Pods-DRCPracticalTests-checkManifestLockResult.txt",
			);
			runOnlyForDeploymentPostprocessing = 0;
			shellPath = /bin/sh;
			shellScript = "diff \"${PODS_PODFILE_DIR_PATH}/Podfile.lock\" \"${PODS_ROOT}/Manifest.lock\" > /dev/null\nif [ $? != 0 ] ; then\n    # print error to STDERR\n    echo \"error: The sandbox is not in sync with the Podfile.lock. Run 'pod install' or update your CocoaPods installation.\" >&2\n    exit 1\nfi\n# This output is used by Xcode 'outputs' to avoid re-running this script phase.\necho \"SUCCESS\" > \"${SCRIPT_OUTPUT_FILE_0}\"\n";
			showEnvVarsInLog = 0;
		};
		80EE6D01FA14D9C4E283C55B /* [CP] Embed Pods Frameworks */ = {
			isa = PBXShellScriptBuildPhase;
			buildActionMask = 2147483647;
			files = (
			);
			inputFileListPaths = (
				"${PODS_ROOT}/Target Support Files/Pods-DRCPractical/Pods-DRCPractical-frameworks-${CONFIGURATION}-input-files.xcfilelist",
			);
			name = "[CP] Embed Pods Frameworks";
			outputFileListPaths = (
				"${PODS_ROOT}/Target Support Files/Pods-DRCPractical/Pods-DRCPractical-frameworks-${CONFIGURATION}-output-files.xcfilelist",
			);
			runOnlyForDeploymentPostprocessing = 0;
			shellPath = /bin/sh;
			shellScript = "\"${PODS_ROOT}/Target Support Files/Pods-DRCPractical/Pods-DRCPractical-frameworks.sh\"\n";
			showEnvVarsInLog = 0;
		};
		F3AA7474BC3DA77326416F67 /* [CP] Embed Pods Frameworks */ = {
			isa = PBXShellScriptBuildPhase;
			buildActionMask = 2147483647;
			files = (
			);
			inputFileListPaths = (
				"${PODS_ROOT}/Target Support Files/Pods-DRCPractical-DRCPracticalUITests/Pods-DRCPractical-DRCPracticalUITests-frameworks-${CONFIGURATION}-input-files.xcfilelist",
			);
			name = "[CP] Embed Pods Frameworks";
			outputFileListPaths = (
				"${PODS_ROOT}/Target Support Files/Pods-DRCPractical-DRCPracticalUITests/Pods-DRCPractical-DRCPracticalUITests-frameworks-${CONFIGURATION}-output-files.xcfilelist",
			);
			runOnlyForDeploymentPostprocessing = 0;
			shellPath = /bin/sh;
			shellScript = "\"${PODS_ROOT}/Target Support Files/Pods-DRCPractical-DRCPracticalUITests/Pods-DRCPractical-DRCPracticalUITests-frameworks.sh\"\n";
			showEnvVarsInLog = 0;
		};
/* End PBXShellScriptBuildPhase section */

/* Begin PBXSourcesBuildPhase section */
		659249EF27D6565E0076E6B5 /* Sources */ = {
			isa = PBXSourcesBuildPhase;
			buildActionMask = 2147483647;
			files = (
				6597CE0F27D863C300010F12 /* TableArticales+Helper.swift in Sources */,
				65A1A76027D84848005F10DC /* NewsDetailInteractor.swift in Sources */,
				652A85C527D846FC004A60AE /* HomePresenter.swift in Sources */,
				6597CE0727D862B600010F12 /* DatabaseHelper.swift in Sources */,
				65A1A76427D84D61005F10DC /* CellNews.swift in Sources */,
				6597CE0B27D862F300010F12 /* DRCPractical.xcdatamodeld in Sources */,
				65A1A75C27D84848005F10DC /* NewsDetailPresenter.swift in Sources */,
				6597CE0427D8628700010F12 /* CoreDataStack.swift in Sources */,
				65A1A75E27D84848005F10DC /* NewsDetailViewController.swift in Sources */,
				659249F727D6565E0076E6B5 /* AppDelegate.swift in Sources */,
				652A85C927D846FC004A60AE /* HomeInteractor.swift in Sources */,
				652A85C727D846FC004A60AE /* HomeViewController.swift in Sources */,
			);
			runOnlyForDeploymentPostprocessing = 0;
		};
		65924A0827D656620076E6B5 /* Sources */ = {
			isa = PBXSourcesBuildPhase;
			buildActionMask = 2147483647;
			files = (
				65A1A75F27D84848005F10DC /* NewsDetailViewController.swift in Sources */,
				6597CE1027D863C300010F12 /* TableArticales+Helper.swift in Sources */,
				65924A1127D656620076E6B5 /* DRCPracticalTests.swift in Sources */,
				65A1A76127D84848005F10DC /* NewsDetailInteractor.swift in Sources */,
				6597CE0527D8628700010F12 /* CoreDataStack.swift in Sources */,
				6597CE1127D8664F00010F12 /* DRCPractical.xcdatamodeld in Sources */,
				652A85C627D846FC004A60AE /* HomePresenter.swift in Sources */,
				652A85C827D846FC004A60AE /* HomeViewController.swift in Sources */,
				6597CE0827D862B600010F12 /* DatabaseHelper.swift in Sources */,
				652A85CA27D846FC004A60AE /* HomeInteractor.swift in Sources */,
				65A1A76527D84D61005F10DC /* CellNews.swift in Sources */,
				65A1A75D27D84848005F10DC /* NewsDetailPresenter.swift in Sources */,
			);
			runOnlyForDeploymentPostprocessing = 0;
		};
		65924A1227D656630076E6B5 /* Sources */ = {
			isa = PBXSourcesBuildPhase;
			buildActionMask = 2147483647;
			files = (
				65924A1D27D656630076E6B5 /* DRCPracticalUITestsLaunchTests.swift in Sources */,
				65924A1B27D656630076E6B5 /* DRCPracticalUITests.swift in Sources */,
			);
			runOnlyForDeploymentPostprocessing = 0;
		};
/* End PBXSourcesBuildPhase section */

/* Begin PBXTargetDependency section */
		65924A0E27D656620076E6B5 /* PBXTargetDependency */ = {
			isa = PBXTargetDependency;
			target = 659249F227D6565E0076E6B5 /* DRCPractical */;
			targetProxy = 65924A0D27D656620076E6B5 /* PBXContainerItemProxy */;
		};
		65924A1827D656630076E6B5 /* PBXTargetDependency */ = {
			isa = PBXTargetDependency;
			target = 659249F227D6565E0076E6B5 /* DRCPractical */;
			targetProxy = 65924A1727D656630076E6B5 /* PBXContainerItemProxy */;
		};
/* End PBXTargetDependency section */

/* Begin PBXVariantGroup section */
		659249FC27D6565E0076E6B5 /* Main.storyboard */ = {
			isa = PBXVariantGroup;
			children = (
				659249FD27D6565E0076E6B5 /* Base */,
			);
			name = Main.storyboard;
			sourceTree = "<group>";
		};
		65924A0427D656620076E6B5 /* LaunchScreen.storyboard */ = {
			isa = PBXVariantGroup;
			children = (
				65924A0527D656620076E6B5 /* Base */,
			);
			name = LaunchScreen.storyboard;
			sourceTree = "<group>";
		};
/* End PBXVariantGroup section */

/* Begin XCBuildConfiguration section */
		65924A1E27D656630076E6B5 /* Debug */ = {
			isa = XCBuildConfiguration;
			buildSettings = {
				ALWAYS_SEARCH_USER_PATHS = NO;
				CLANG_ANALYZER_NONNULL = YES;
				CLANG_ANALYZER_NUMBER_OBJECT_CONVERSION = YES_AGGRESSIVE;
				CLANG_CXX_LANGUAGE_STANDARD = "gnu++17";
				CLANG_CXX_LIBRARY = "libc++";
				CLANG_ENABLE_MODULES = YES;
				CLANG_ENABLE_OBJC_ARC = YES;
				CLANG_ENABLE_OBJC_WEAK = YES;
				CLANG_WARN_BLOCK_CAPTURE_AUTORELEASING = YES;
				CLANG_WARN_BOOL_CONVERSION = YES;
				CLANG_WARN_COMMA = YES;
				CLANG_WARN_CONSTANT_CONVERSION = YES;
				CLANG_WARN_DEPRECATED_OBJC_IMPLEMENTATIONS = YES;
				CLANG_WARN_DIRECT_OBJC_ISA_USAGE = YES_ERROR;
				CLANG_WARN_DOCUMENTATION_COMMENTS = YES;
				CLANG_WARN_EMPTY_BODY = YES;
				CLANG_WARN_ENUM_CONVERSION = YES;
				CLANG_WARN_INFINITE_RECURSION = YES;
				CLANG_WARN_INT_CONVERSION = YES;
				CLANG_WARN_NON_LITERAL_NULL_CONVERSION = YES;
				CLANG_WARN_OBJC_IMPLICIT_RETAIN_SELF = YES;
				CLANG_WARN_OBJC_LITERAL_CONVERSION = YES;
				CLANG_WARN_OBJC_ROOT_CLASS = YES_ERROR;
				CLANG_WARN_QUOTED_INCLUDE_IN_FRAMEWORK_HEADER = YES;
				CLANG_WARN_RANGE_LOOP_ANALYSIS = YES;
				CLANG_WARN_STRICT_PROTOTYPES = YES;
				CLANG_WARN_SUSPICIOUS_MOVE = YES;
				CLANG_WARN_UNGUARDED_AVAILABILITY = YES_AGGRESSIVE;
				CLANG_WARN_UNREACHABLE_CODE = YES;
				CLANG_WARN__DUPLICATE_METHOD_MATCH = YES;
				COPY_PHASE_STRIP = NO;
				DEBUG_INFORMATION_FORMAT = dwarf;
				ENABLE_STRICT_OBJC_MSGSEND = YES;
				ENABLE_TESTABILITY = YES;
				GCC_C_LANGUAGE_STANDARD = gnu11;
				GCC_DYNAMIC_NO_PIC = NO;
				GCC_NO_COMMON_BLOCKS = YES;
				GCC_OPTIMIZATION_LEVEL = 0;
				GCC_PREPROCESSOR_DEFINITIONS = (
					"DEBUG=1",
					"$(inherited)",
				);
				GCC_WARN_64_TO_32_BIT_CONVERSION = YES;
				GCC_WARN_ABOUT_RETURN_TYPE = YES_ERROR;
				GCC_WARN_UNDECLARED_SELECTOR = YES;
				GCC_WARN_UNINITIALIZED_AUTOS = YES_AGGRESSIVE;
				GCC_WARN_UNUSED_FUNCTION = YES;
				GCC_WARN_UNUSED_VARIABLE = YES;
				IPHONEOS_DEPLOYMENT_TARGET = 15.0;
				MTL_ENABLE_DEBUG_INFO = INCLUDE_SOURCE;
				MTL_FAST_MATH = YES;
				ONLY_ACTIVE_ARCH = YES;
				SDKROOT = iphoneos;
				SWIFT_ACTIVE_COMPILATION_CONDITIONS = DEBUG;
				SWIFT_OPTIMIZATION_LEVEL = "-Onone";
			};
			name = Debug;
		};
		65924A1F27D656630076E6B5 /* Release */ = {
			isa = XCBuildConfiguration;
			buildSettings = {
				ALWAYS_SEARCH_USER_PATHS = NO;
				CLANG_ANALYZER_NONNULL = YES;
				CLANG_ANALYZER_NUMBER_OBJECT_CONVERSION = YES_AGGRESSIVE;
				CLANG_CXX_LANGUAGE_STANDARD = "gnu++17";
				CLANG_CXX_LIBRARY = "libc++";
				CLANG_ENABLE_MODULES = YES;
				CLANG_ENABLE_OBJC_ARC = YES;
				CLANG_ENABLE_OBJC_WEAK = YES;
				CLANG_WARN_BLOCK_CAPTURE_AUTORELEASING = YES;
				CLANG_WARN_BOOL_CONVERSION = YES;
				CLANG_WARN_COMMA = YES;
				CLANG_WARN_CONSTANT_CONVERSION = YES;
				CLANG_WARN_DEPRECATED_OBJC_IMPLEMENTATIONS = YES;
				CLANG_WARN_DIRECT_OBJC_ISA_USAGE = YES_ERROR;
				CLANG_WARN_DOCUMENTATION_COMMENTS = YES;
				CLANG_WARN_EMPTY_BODY = YES;
				CLANG_WARN_ENUM_CONVERSION = YES;
				CLANG_WARN_INFINITE_RECURSION = YES;
				CLANG_WARN_INT_CONVERSION = YES;
				CLANG_WARN_NON_LITERAL_NULL_CONVERSION = YES;
				CLANG_WARN_OBJC_IMPLICIT_RETAIN_SELF = YES;
				CLANG_WARN_OBJC_LITERAL_CONVERSION = YES;
				CLANG_WARN_OBJC_ROOT_CLASS = YES_ERROR;
				CLANG_WARN_QUOTED_INCLUDE_IN_FRAMEWORK_HEADER = YES;
				CLANG_WARN_RANGE_LOOP_ANALYSIS = YES;
				CLANG_WARN_STRICT_PROTOTYPES = YES;
				CLANG_WARN_SUSPICIOUS_MOVE = YES;
				CLANG_WARN_UNGUARDED_AVAILABILITY = YES_AGGRESSIVE;
				CLANG_WARN_UNREACHABLE_CODE = YES;
				CLANG_WARN__DUPLICATE_METHOD_MATCH = YES;
				COPY_PHASE_STRIP = NO;
				DEBUG_INFORMATION_FORMAT = "dwarf-with-dsym";
				ENABLE_NS_ASSERTIONS = NO;
				ENABLE_STRICT_OBJC_MSGSEND = YES;
				GCC_C_LANGUAGE_STANDARD = gnu11;
				GCC_NO_COMMON_BLOCKS = YES;
				GCC_WARN_64_TO_32_BIT_CONVERSION = YES;
				GCC_WARN_ABOUT_RETURN_TYPE = YES_ERROR;
				GCC_WARN_UNDECLARED_SELECTOR = YES;
				GCC_WARN_UNINITIALIZED_AUTOS = YES_AGGRESSIVE;
				GCC_WARN_UNUSED_FUNCTION = YES;
				GCC_WARN_UNUSED_VARIABLE = YES;
				IPHONEOS_DEPLOYMENT_TARGET = 15.0;
				MTL_ENABLE_DEBUG_INFO = NO;
				MTL_FAST_MATH = YES;
				SDKROOT = iphoneos;
				SWIFT_COMPILATION_MODE = wholemodule;
				SWIFT_OPTIMIZATION_LEVEL = "-O";
				VALIDATE_PRODUCT = YES;
			};
			name = Release;
		};
		65924A2127D656630076E6B5 /* Debug */ = {
			isa = XCBuildConfiguration;
			baseConfigurationReference = 72BCCBE2AB92CF4B06FD0654 /* Pods-DRCPractical.debug.xcconfig */;
			buildSettings = {
				ASSETCATALOG_COMPILER_APPICON_NAME = AppIcon;
				ASSETCATALOG_COMPILER_GLOBAL_ACCENT_COLOR_NAME = AccentColor;
				CODE_SIGN_IDENTITY = "Apple Development";
				CODE_SIGN_STYLE = Manual;
				CURRENT_PROJECT_VERSION = 1;
				DEVELOPMENT_TEAM = "";
				GENERATE_INFOPLIST_FILE = YES;
				INFOPLIST_FILE = DRCPractical/Info.plist;
				INFOPLIST_KEY_UIApplicationSupportsIndirectInputEvents = YES;
				INFOPLIST_KEY_UILaunchStoryboardName = LaunchScreen;
				INFOPLIST_KEY_UIMainStoryboardFile = Main;
				INFOPLIST_KEY_UISupportedInterfaceOrientations_iPad = "UIInterfaceOrientationPortrait UIInterfaceOrientationPortraitUpsideDown UIInterfaceOrientationLandscapeLeft UIInterfaceOrientationLandscapeRight";
				INFOPLIST_KEY_UISupportedInterfaceOrientations_iPhone = "UIInterfaceOrientationPortrait UIInterfaceOrientationLandscapeLeft UIInterfaceOrientationLandscapeRight";
				IPHONEOS_DEPLOYMENT_TARGET = 14.0;
				LD_RUNPATH_SEARCH_PATHS = (
					"$(inherited)",
					"@executable_path/Frameworks",
				);
				MARKETING_VERSION = 1.0;
				PRODUCT_BUNDLE_IDENTIFIER = com.Demo;
				PRODUCT_NAME = "$(TARGET_NAME)";
				PROVISIONING_PROFILE_SPECIFIER = "";
				SWIFT_EMIT_LOC_STRINGS = YES;
				SWIFT_VERSION = 5.0;
				TARGETED_DEVICE_FAMILY = 1;
			};
			name = Debug;
		};
		65924A2227D656630076E6B5 /* Release */ = {
			isa = XCBuildConfiguration;
			baseConfigurationReference = A67AF97B587FD66DEBA776D9 /* Pods-DRCPractical.release.xcconfig */;
			buildSettings = {
				ASSETCATALOG_COMPILER_APPICON_NAME = AppIcon;
				ASSETCATALOG_COMPILER_GLOBAL_ACCENT_COLOR_NAME = AccentColor;
				CODE_SIGN_IDENTITY = "Apple Development";
				CODE_SIGN_STYLE = Manual;
				CURRENT_PROJECT_VERSION = 1;
				DEVELOPMENT_TEAM = "";
				GENERATE_INFOPLIST_FILE = YES;
				INFOPLIST_FILE = DRCPractical/Info.plist;
				INFOPLIST_KEY_UIApplicationSupportsIndirectInputEvents = YES;
				INFOPLIST_KEY_UILaunchStoryboardName = LaunchScreen;
				INFOPLIST_KEY_UIMainStoryboardFile = Main;
				INFOPLIST_KEY_UISupportedInterfaceOrientations_iPad = "UIInterfaceOrientationPortrait UIInterfaceOrientationPortraitUpsideDown UIInterfaceOrientationLandscapeLeft UIInterfaceOrientationLandscapeRight";
				INFOPLIST_KEY_UISupportedInterfaceOrientations_iPhone = "UIInterfaceOrientationPortrait UIInterfaceOrientationLandscapeLeft UIInterfaceOrientationLandscapeRight";
				IPHONEOS_DEPLOYMENT_TARGET = 14.0;
				LD_RUNPATH_SEARCH_PATHS = (
					"$(inherited)",
					"@executable_path/Frameworks",
				);
				MARKETING_VERSION = 1.0;
				PRODUCT_BUNDLE_IDENTIFIER = com.Demo;
				PRODUCT_NAME = "$(TARGET_NAME)";
				PROVISIONING_PROFILE_SPECIFIER = "";
				SWIFT_EMIT_LOC_STRINGS = YES;
				SWIFT_VERSION = 5.0;
				TARGETED_DEVICE_FAMILY = 1;
			};
			name = Release;
		};
		65924A2427D656630076E6B5 /* Debug */ = {
			isa = XCBuildConfiguration;
			baseConfigurationReference = 1D40800A73A467CEA6951401 /* Pods-DRCPracticalTests.debug.xcconfig */;
			buildSettings = {
				ALWAYS_EMBED_SWIFT_STANDARD_LIBRARIES = YES;
				BUNDLE_LOADER = "$(TEST_HOST)";
				CODE_SIGN_STYLE = Automatic;
				CURRENT_PROJECT_VERSION = 1;
				GENERATE_INFOPLIST_FILE = YES;
				IPHONEOS_DEPLOYMENT_TARGET = 15.0;
				LD_RUNPATH_SEARCH_PATHS = (
					"$(inherited)",
					"@executable_path/Frameworks",
					"@loader_path/Frameworks",
				);
				MARKETING_VERSION = 1.0;
				PRODUCT_BUNDLE_IDENTIFIER = DRCPractical.DRCPracticalTests;
				PRODUCT_NAME = "$(TARGET_NAME)";
				SWIFT_EMIT_LOC_STRINGS = NO;
				SWIFT_VERSION = 5.0;
				TARGETED_DEVICE_FAMILY = "1,2";
				TEST_HOST = "$(BUILT_PRODUCTS_DIR)/DRCPractical.app/DRCPractical";
			};
			name = Debug;
		};
		65924A2527D656630076E6B5 /* Release */ = {
			isa = XCBuildConfiguration;
			baseConfigurationReference = 57F46FF8088E1430957453EC /* Pods-DRCPracticalTests.release.xcconfig */;
			buildSettings = {
				ALWAYS_EMBED_SWIFT_STANDARD_LIBRARIES = YES;
				BUNDLE_LOADER = "$(TEST_HOST)";
				CODE_SIGN_STYLE = Automatic;
				CURRENT_PROJECT_VERSION = 1;
				GENERATE_INFOPLIST_FILE = YES;
				IPHONEOS_DEPLOYMENT_TARGET = 15.0;
				LD_RUNPATH_SEARCH_PATHS = (
					"$(inherited)",
					"@executable_path/Frameworks",
					"@loader_path/Frameworks",
				);
				MARKETING_VERSION = 1.0;
				PRODUCT_BUNDLE_IDENTIFIER = DRCPractical.DRCPracticalTests;
				PRODUCT_NAME = "$(TARGET_NAME)";
				SWIFT_EMIT_LOC_STRINGS = NO;
				SWIFT_VERSION = 5.0;
				TARGETED_DEVICE_FAMILY = "1,2";
				TEST_HOST = "$(BUILT_PRODUCTS_DIR)/DRCPractical.app/DRCPractical";
			};
			name = Release;
		};
		65924A2727D656630076E6B5 /* Debug */ = {
			isa = XCBuildConfiguration;
			baseConfigurationReference = 61338F65B0D609C5E101E4EA /* Pods-DRCPractical-DRCPracticalUITests.debug.xcconfig */;
			buildSettings = {
				ALWAYS_EMBED_SWIFT_STANDARD_LIBRARIES = YES;
				CODE_SIGN_STYLE = Automatic;
				CURRENT_PROJECT_VERSION = 1;
				GENERATE_INFOPLIST_FILE = YES;
				LD_RUNPATH_SEARCH_PATHS = (
					"$(inherited)",
					"@executable_path/Frameworks",
					"@loader_path/Frameworks",
				);
				MARKETING_VERSION = 1.0;
				PRODUCT_BUNDLE_IDENTIFIER = DRCPractical.DRCPracticalUITests;
				PRODUCT_NAME = "$(TARGET_NAME)";
				SWIFT_EMIT_LOC_STRINGS = NO;
				SWIFT_VERSION = 5.0;
				TARGETED_DEVICE_FAMILY = "1,2";
				TEST_TARGET_NAME = DRCPractical;
			};
			name = Debug;
		};
		65924A2827D656630076E6B5 /* Release */ = {
			isa = XCBuildConfiguration;
			baseConfigurationReference = 2B41BAA2D00A3B6C326DE339 /* Pods-DRCPractical-DRCPracticalUITests.release.xcconfig */;
			buildSettings = {
				ALWAYS_EMBED_SWIFT_STANDARD_LIBRARIES = YES;
				CODE_SIGN_STYLE = Automatic;
				CURRENT_PROJECT_VERSION = 1;
				GENERATE_INFOPLIST_FILE = YES;
				LD_RUNPATH_SEARCH_PATHS = (
					"$(inherited)",
					"@executable_path/Frameworks",
					"@loader_path/Frameworks",
				);
				MARKETING_VERSION = 1.0;
				PRODUCT_BUNDLE_IDENTIFIER = DRCPractical.DRCPracticalUITests;
				PRODUCT_NAME = "$(TARGET_NAME)";
				SWIFT_EMIT_LOC_STRINGS = NO;
				SWIFT_VERSION = 5.0;
				TARGETED_DEVICE_FAMILY = "1,2";
				TEST_TARGET_NAME = DRCPractical;
			};
			name = Release;
		};
/* End XCBuildConfiguration section */

/* Begin XCConfigurationList section */
		659249EE27D6565D0076E6B5 /* Build configuration list for PBXProject "DRCPractical" */ = {
			isa = XCConfigurationList;
			buildConfigurations = (
				65924A1E27D656630076E6B5 /* Debug */,
				65924A1F27D656630076E6B5 /* Release */,
			);
			defaultConfigurationIsVisible = 0;
			defaultConfigurationName = Release;
		};
		65924A2027D656630076E6B5 /* Build configuration list for PBXNativeTarget "DRCPractical" */ = {
			isa = XCConfigurationList;
			buildConfigurations = (
				65924A2127D656630076E6B5 /* Debug */,
				65924A2227D656630076E6B5 /* Release */,
			);
			defaultConfigurationIsVisible = 0;
			defaultConfigurationName = Release;
		};
		65924A2327D656630076E6B5 /* Build configuration list for PBXNativeTarget "DRCPracticalTests" */ = {
			isa = XCConfigurationList;
			buildConfigurations = (
				65924A2427D656630076E6B5 /* Debug */,
				65924A2527D656630076E6B5 /* Release */,
			);
			defaultConfigurationIsVisible = 0;
			defaultConfigurationName = Release;
		};
		65924A2627D656630076E6B5 /* Build configuration list for PBXNativeTarget "DRCPracticalUITests" */ = {
			isa = XCConfigurationList;
			buildConfigurations = (
				65924A2727D656630076E6B5 /* Debug */,
				65924A2827D656630076E6B5 /* Release */,
			);
			defaultConfigurationIsVisible = 0;
			defaultConfigurationName = Release;
		};
/* End XCConfigurationList section */

/* Begin XCVersionGroup section */
		6597CE0927D862F300010F12 /* DRCPractical.xcdatamodeld */ = {
			isa = XCVersionGroup;
			children = (
				6597CE0A27D862F300010F12 /* DRCPractical.xcdatamodel */,
			);
			currentVersion = 6597CE0A27D862F300010F12 /* DRCPractical.xcdatamodel */;
			path = DRCPractical.xcdatamodeld;
			sourceTree = "<group>";
			versionGroupType = wrapper.xcdatamodel;
		};
/* End XCVersionGroup section */
	};
	rootObject = 659249EB27D6565D0076E6B5 /* Project object */;
}
